// !$*UTF8*$!
{
	archiveVersion = 1;
	classes = {
	};
	objectVersion = 55;
	objects = {

/* Begin PBXBuildFile section */
		059FE2A2274E1F5E001AF452 /* AppDelegate.swift in Sources */ = {isa = PBXBuildFile; fileRef = 059FE2A1274E1F5E001AF452 /* AppDelegate.swift */; };
		059FE2A4274E1F5E001AF452 /* SceneDelegate.swift in Sources */ = {isa = PBXBuildFile; fileRef = 059FE2A3274E1F5E001AF452 /* SceneDelegate.swift */; };
		059FE2A6274E1F5E001AF452 /* ViewController.swift in Sources */ = {isa = PBXBuildFile; fileRef = 059FE2A5274E1F5E001AF452 /* ViewController.swift */; };
		059FE2A9274E1F5E001AF452 /* Main.storyboard in Resources */ = {isa = PBXBuildFile; fileRef = 059FE2A7274E1F5E001AF452 /* Main.storyboard */; };
		059FE2AC274E1F5E001AF452 /* localStorageWithPreferenceExample.xcdatamodeld in Sources */ = {isa = PBXBuildFile; fileRef = 059FE2AA274E1F5E001AF452 /* localStorageWithPreferenceExample.xcdatamodeld */; };
		059FE2AE274E1F60001AF452 /* Assets.xcassets in Resources */ = {isa = PBXBuildFile; fileRef = 059FE2AD274E1F60001AF452 /* Assets.xcassets */; };
		059FE2B1274E1F60001AF452 /* LaunchScreen.storyboard in Resources */ = {isa = PBXBuildFile; fileRef = 059FE2AF274E1F60001AF452 /* LaunchScreen.storyboard */; };
/* End PBXBuildFile section */

/* Begin PBXFileReference section */
		059FE29E274E1F5E001AF452 /* localStorageWithPreferenceExample.app */ = {isa = PBXFileReference; explicitFileType = wrapper.application; includeInIndex = 0; path = localStorageWithPreferenceExample.app; sourceTree = BUILT_PRODUCTS_DIR; };
		059FE2A1274E1F5E001AF452 /* AppDelegate.swift */ = {isa = PBXFileReference; lastKnownFileType = sourcecode.swift; path = AppDelegate.swift; sourceTree = "<group>"; };
		059FE2A3274E1F5E001AF452 /* SceneDelegate.swift */ = {isa = PBXFileReference; lastKnownFileType = sourcecode.swift; path = SceneDelegate.swift; sourceTree = "<group>"; };
		059FE2A5274E1F5E001AF452 /* ViewController.swift */ = {isa = PBXFileReference; lastKnownFileType = sourcecode.swift; path = ViewController.swift; sourceTree = "<group>"; };
		059FE2A8274E1F5E001AF452 /* Base */ = {isa = PBXFileReference; lastKnownFileType = file.storyboard; name = Base; path = Base.lproj/Main.storyboard; sourceTree = "<group>"; };
		059FE2AB274E1F5E001AF452 /* localStorageWithPreferenceExample.xcdatamodel */ = {isa = PBXFileReference; lastKnownFileType = wrapper.xcdatamodel; path = localStorageWithPreferenceExample.xcdatamodel; sourceTree = "<group>"; };
		059FE2AD274E1F60001AF452 /* Assets.xcassets */ = {isa = PBXFileReference; lastKnownFileType = folder.assetcatalog; path = Assets.xcassets; sourceTree = "<group>"; };
		059FE2B0274E1F60001AF452 /* Base */ = {isa = PBXFileReference; lastKnownFileType = file.storyboard; name = Base; path = Base.lproj/LaunchScreen.storyboard; sourceTree = "<group>"; };
		059FE2B2274E1F60001AF452 /* Info.plist */ = {isa = PBXFileReference; lastKnownFileType = text.plist.xml; path = Info.plist; sourceTree = "<group>"; };
/* End PBXFileReference section */

/* Begin PBXFrameworksBuildPhase section */
		059FE29B274E1F5E001AF452 /* Frameworks */ = {
			isa = PBXFrameworksBuildPhase;
			buildActionMask = 2147483647;
			files = (
			);
			runOnlyForDeploymentPostprocessing = 0;
		};
/* End PBXFrameworksBuildPhase section */

/* Begin PBXGroup section */
		059FE295274E1F5E001AF452 = {
			isa = PBXGroup;
			children = (
				059FE2A0274E1F5E001AF452 /* localStorageWithPreferenceExample */,
				059FE29F274E1F5E001AF452 /* Products */,
			);
			sourceTree = "<group>";
		};
		059FE29F274E1F5E001AF452 /* Products */ = {
			isa = PBXGroup;
			children = (
				059FE29E274E1F5E001AF452 /* localStorageWithPreferenceExample.app */,
			);
			name = Products;
			sourceTree = "<group>";
		};
		059FE2A0274E1F5E001AF452 /* localStorageWithPreferenceExample */ = {
			isa = PBXGroup;
			children = (
				059FE2A1274E1F5E001AF452 /* AppDelegate.swift */,
				059FE2A3274E1F5E001AF452 /* SceneDelegate.swift */,
				059FE2A5274E1F5E001AF452 /* ViewController.swift */,
				059FE2A7274E1F5E001AF452 /* Main.storyboard */,
				059FE2AD274E1F60001AF452 /* Assets.xcassets */,
				059FE2AF274E1F60001AF452 /* LaunchScreen.storyboard */,
				059FE2B2274E1F60001AF452 /* Info.plist */,
				059FE2AA274E1F5E001AF452 /* localStorageWithPreferenceExample.xcdatamodeld */,
			);
			path = localStorageWithPreferenceExample;
			sourceTree = "<group>";
		};
/* End PBXGroup section */

/* Begin PBXNativeTarget section */
		059FE29D274E1F5E001AF452 /* localStorageWithPreferenceExample */ = {
			isa = PBXNativeTarget;
			buildConfigurationList = 059FE2B5274E1F60001AF452 /* Build configuration list for PBXNativeTarget "localStorageWithPreferenceExample" */;
			buildPhases = (
				059FE29A274E1F5E001AF452 /* Sources */,
				059FE29B274E1F5E001AF452 /* Frameworks */,
				059FE29C274E1F5E001AF452 /* Resources */,
			);
			buildRules = (
			);
			dependencies = (
			);
			name = localStorageWithPreferenceExample;
			productName = localStorageWithPreferenceExample;
			productReference = 059FE29E274E1F5E001AF452 /* localStorageWithPreferenceExample.app */;
			productType = "com.apple.product-type.application";
		};
/* End PBXNativeTarget section */

/* Begin PBXProject section */
		059FE296274E1F5E001AF452 /* Project object */ = {
			isa = PBXProject;
			attributes = {
				BuildIndependentTargetsInParallel = 1;
				LastSwiftUpdateCheck = 1310;
				LastUpgradeCheck = 1310;
				TargetAttributes = {
					059FE29D274E1F5E001AF452 = {
						CreatedOnToolsVersion = 13.1;
					};
				};
			};
			buildConfigurationList = 059FE299274E1F5E001AF452 /* Build configuration list for PBXProject "localStorageWithPreferenceExample" */;
			compatibilityVersion = "Xcode 13.0";
			developmentRegion = en;
			hasScannedForEncodings = 0;
			knownRegions = (
				en,
				Base,
			);
			mainGroup = 059FE295274E1F5E001AF452;
			productRefGroup = 059FE29F274E1F5E001AF452 /* Products */;
			projectDirPath = "";
			projectRoot = "";
			targets = (
				059FE29D274E1F5E001AF452 /* localStorageWithPreferenceExample */,
			);
		};
/* End PBXProject section */

/* Begin PBXResourcesBuildPhase section */
		059FE29C274E1F5E001AF452 /* Resources */ = {
			isa = PBXResourcesBuildPhase;
			buildActionMask = 2147483647;
			files = (
				059FE2B1274E1F60001AF452 /* LaunchScreen.storyboard in Resources */,
				059FE2AE274E1F60001AF452 /* Assets.xcassets in Resources */,
				059FE2A9274E1F5E001AF452 /* Main.storyboard in Resources */,
			);
			runOnlyForDeploymentPostprocessing = 0;
		};
/* End PBXResourcesBuildPhase section */

/* Begin PBXSourcesBuildPhase section */
		059FE29A274E1F5E001AF452 /* Sources */ = {
			isa = PBXSourcesBuildPhase;
			buildActionMask = 2147483647;
			files = (
				059FE2A6274E1F5E001AF452 /* ViewController.swift in Sources */,
				059FE2AC274E1F5E001AF452 /* localStorageWithPreferenceExample.xcdatamodeld in Sources */,
				059FE2A2274E1F5E001AF452 /* AppDelegate.swift in Sources */,
				059FE2A4274E1F5E001AF452 /* SceneDelegate.swift in Sources */,
			);
			runOnlyForDeploymentPostprocessing = 0;
		};
/* End PBXSourcesBuildPhase section */

/* Begin PBXVariantGroup section */
		059FE2A7274E1F5E001AF452 /* Main.storyboard */ = {
			isa = PBXVariantGroup;
			children = (
				059FE2A8274E1F5E001AF452 /* Base */,
			);
			name = Main.storyboard;
			sourceTree = "<group>";
		};
		059FE2AF274E1F60001AF452 /* LaunchScreen.storyboard */ = {
			isa = PBXVariantGroup;
			children = (
				059FE2B0274E1F60001AF452 /* Base */,
			);
			name = LaunchScreen.storyboard;
			sourceTree = "<group>";
		};
/* End PBXVariantGroup section */

/* Begin XCBuildConfiguration section */
		059FE2B3274E1F60001AF452 /* Debug */ = {
			isa = XCBuildConfiguration;
			buildSettings = {
				ALWAYS_SEARCH_USER_PATHS = NO;
				CLANG_ANALYZER_NONNULL = YES;
				CLANG_ANALYZER_NUMBER_OBJECT_CONVERSION = YES_AGGRESSIVE;
				CLANG_CXX_LANGUAGE_STANDARD = "gnu++17";
				CLANG_CXX_LIBRARY = "libc++";
				CLANG_ENABLE_MODULES = YES;
				CLANG_ENABLE_OBJC_ARC = YES;
				CLANG_ENABLE_OBJC_WEAK = YES;
				CLANG_WARN_BLOCK_CAPTURE_AUTORELEASING = YES;
				CLANG_WARN_BOOL_CONVERSION = YES;
				CLANG_WARN_COMMA = YES;
				CLANG_WARN_CONSTANT_CONVERSION = YES;
				CLANG_WARN_DEPRECATED_OBJC_IMPLEMENTATIONS = YES;
				CLANG_WARN_DIRECT_OBJC_ISA_USAGE = YES_ERROR;
				CLANG_WARN_DOCUMENTATION_COMMENTS = YES;
				CLANG_WARN_EMPTY_BODY = YES;
				CLANG_WARN_ENUM_CONVERSION = YES;
				CLANG_WARN_INFINITE_RECURSION = YES;
				CLANG_WARN_INT_CONVERSION = YES;
				CLANG_WARN_NON_LITERAL_NULL_CONVERSION = YES;
				CLANG_WARN_OBJC_IMPLICIT_RETAIN_SELF = YES;
				CLANG_WARN_OBJC_LITERAL_CONVERSION = YES;
				CLANG_WARN_OBJC_ROOT_CLASS = YES_ERROR;
				CLANG_WARN_QUOTED_INCLUDE_IN_FRAMEWORK_HEADER = YES;
				CLANG_WARN_RANGE_LOOP_ANALYSIS = YES;
				CLANG_WARN_STRICT_PROTOTYPES = YES;
				CLANG_WARN_SUSPICIOUS_MOVE = YES;
				CLANG_WARN_UNGUARDED_AVAILABILITY = YES_AGGRESSIVE;
				CLANG_WARN_UNREACHABLE_CODE = YES;
				CLANG_WARN__DUPLICATE_METHOD_MATCH = YES;
				COPY_PHASE_STRIP = NO;
				DEBUG_INFORMATION_FORMAT = dwarf;
				ENABLE_STRICT_OBJC_MSGSEND = YES;
				ENABLE_TESTABILITY = YES;
				GCC_C_LANGUAGE_STANDARD = gnu11;
				GCC_DYNAMIC_NO_PIC = NO;
				GCC_NO_COMMON_BLOCKS = YES;
				GCC_OPTIMIZATION_LEVEL = 0;
				GCC_PREPROCESSOR_DEFINITIONS = (
					"DEBUG=1",
					"$(inherited)",
				);
				GCC_WARN_64_TO_32_BIT_CONVERSION = YES;
				GCC_WARN_ABOUT_RETURN_TYPE = YES_ERROR;
				GCC_WARN_UNDECLARED_SELECTOR = YES;
				GCC_WARN_UNINITIALIZED_AUTOS = YES_AGGRESSIVE;
				GCC_WARN_UNUSED_FUNCTION = YES;
				GCC_WARN_UNUSED_VARIABLE = YES;
				IPHONEOS_DEPLOYMENT_TARGET = 15.0;
				MTL_ENABLE_DEBUG_INFO = INCLUDE_SOURCE;
				MTL_FAST_MATH = YES;
				ONLY_ACTIVE_ARCH = YES;
				SDKROOT = iphoneos;
				SWIFT_ACTIVE_COMPILATION_CONDITIONS = DEBUG;
				SWIFT_OPTIMIZATION_LEVEL = "-Onone";
			};
			name = Debug;
		};
		059FE2B4274E1F60001AF452 /* Release */ = {
			isa = XCBuildConfiguration;
			buildSettings = {
				ALWAYS_SEARCH_USER_PATHS = NO;
				CLANG_ANALYZER_NONNULL = YES;
				CLANG_ANALYZER_NUMBER_OBJECT_CONVERSION = YES_AGGRESSIVE;
				CLANG_CXX_LANGUAGE_STANDARD = "gnu++17";
				CLANG_CXX_LIBRARY = "libc++";
				CLANG_ENABLE_MODULES = YES;
				CLANG_ENABLE_OBJC_ARC = YES;
				CLANG_ENABLE_OBJC_WEAK = YES;
				CLANG_WARN_BLOCK_CAPTURE_AUTORELEASING = YES;
				CLANG_WARN_BOOL_CONVERSION = YES;
				CLANG_WARN_COMMA = YES;
				CLANG_WARN_CONSTANT_CONVERSION = YES;
				CLANG_WARN_DEPRECATED_OBJC_IMPLEMENTATIONS = YES;
				CLANG_WARN_DIRECT_OBJC_ISA_USAGE = YES_ERROR;
				CLANG_WARN_DOCUMENTATION_COMMENTS = YES;
				CLANG_WARN_EMPTY_BODY = YES;
				CLANG_WARN_ENUM_CONVERSION = YES;
				CLANG_WARN_INFINITE_RECURSION = YES;
				CLANG_WARN_INT_CONVERSION = YES;
				CLANG_WARN_NON_LITERAL_NULL_CONVERSION = YES;
				CLANG_WARN_OBJC_IMPLICIT_RETAIN_SELF = YES;
				CLANG_WARN_OBJC_LITERAL_CONVERSION = YES;
				CLANG_WARN_OBJC_ROOT_CLASS = YES_ERROR;
				CLANG_WARN_QUOTED_INCLUDE_IN_FRAMEWORK_HEADER = YES;
				CLANG_WARN_RANGE_LOOP_ANALYSIS = YES;
				CLANG_WARN_STRICT_PROTOTYPES = YES;
				CLANG_WARN_SUSPICIOUS_MOVE = YES;
				CLANG_WARN_UNGUARDED_AVAILABILITY = YES_AGGRESSIVE;
				CLANG_WARN_UNREACHABLE_CODE = YES;
				CLANG_WARN__DUPLICATE_METHOD_MATCH = YES;
				COPY_PHASE_STRIP = NO;
				DEBUG_INFORMATION_FORMAT = "dwarf-with-dsym";
				ENABLE_NS_ASSERTIONS = NO;
				ENABLE_STRICT_OBJC_MSGSEND = YES;
				GCC_C_LANGUAGE_STANDARD = gnu11;
				GCC_NO_COMMON_BLOCKS = YES;
				GCC_WARN_64_TO_32_BIT_CONVERSION = YES;
				GCC_WARN_ABOUT_RETURN_TYPE = YES_ERROR;
				GCC_WARN_UNDECLARED_SELECTOR = YES;
				GCC_WARN_UNINITIALIZED_AUTOS = YES_AGGRESSIVE;
				GCC_WARN_UNUSED_FUNCTION = YES;
				GCC_WARN_UNUSED_VARIABLE = YES;
				IPHONEOS_DEPLOYMENT_TARGET = 15.0;
				MTL_ENABLE_DEBUG_INFO = NO;
				MTL_FAST_MATH = YES;
				SDKROOT = iphoneos;
				SWIFT_COMPILATION_MODE = wholemodule;
				SWIFT_OPTIMIZATION_LEVEL = "-O";
				VALIDATE_PRODUCT = YES;
			};
			name = Release;
		};
		059FE2B6274E1F60001AF452 /* Debug */ = {
			isa = XCBuildConfiguration;
			buildSettings = {
				ASSETCATALOG_COMPILER_APPICON_NAME = AppIcon;
				ASSETCATALOG_COMPILER_GLOBAL_ACCENT_COLOR_NAME = AccentColor;
				CODE_SIGN_STYLE = Automatic;
				CURRENT_PROJECT_VERSION = 1;
				DEVELOPMENT_TEAM = 6XJ328HNA4;
				GENERATE_INFOPLIST_FILE = YES;
				INFOPLIST_FILE = localStorageWithPreferenceExample/Info.plist;
				INFOPLIST_KEY_UIApplicationSupportsIndirectInputEvents = YES;
				INFOPLIST_KEY_UILaunchStoryboardName = LaunchScreen;
				INFOPLIST_KEY_UIMainStoryboardFile = Main;
				INFOPLIST_KEY_UISupportedInterfaceOrientations_iPad = "UIInterfaceOrientationPortrait UIInterfaceOrientationPortraitUpsideDown UIInterfaceOrientationLandscapeLeft UIInterfaceOrientationLandscapeRight";
				INFOPLIST_KEY_UISupportedInterfaceOrientations_iPhone = "UIInterfaceOrientationPortrait UIInterfaceOrientationLandscapeLeft UIInterfaceOrientationLandscapeRight";
				LD_RUNPATH_SEARCH_PATHS = (
					"$(inherited)",
					"@executable_path/Frameworks",
				);
				MARKETING_VERSION = 1.0;
				PRODUCT_BUNDLE_IDENTIFIER = com.example.app.localStorageWithPreferenceExample;
				PRODUCT_NAME = "$(TARGET_NAME)";
				SWIFT_EMIT_LOC_STRINGS = YES;
				SWIFT_VERSION = 5.0;
				TARGETED_DEVICE_FAMILY = "1,2";
			};
			name = Debug;
		};
		059FE2B7274E1F60001AF452 /* Release */ = {
			isa = XCBuildConfiguration;
			buildSettings = {
				ASSETCATALOG_COMPILER_APPICON_NAME = AppIcon;
				ASSETCATALOG_COMPILER_GLOBAL_ACCENT_COLOR_NAME = AccentColor;
				CODE_SIGN_STYLE = Automatic;
				CURRENT_PROJECT_VERSION = 1;
				DEVELOPMENT_TEAM = 6XJ328HNA4;
				GENERATE_INFOPLIST_FILE = YES;
				INFOPLIST_FILE = localStorageWithPreferenceExample/Info.plist;
				INFOPLIST_KEY_UIApplicationSupportsIndirectInputEvents = YES;
				INFOPLIST_KEY_UILaunchStoryboardName = LaunchScreen;
				INFOPLIST_KEY_UIMainStoryboardFile = Main;
				INFOPLIST_KEY_UISupportedInterfaceOrientations_iPad = "UIInterfaceOrientationPortrait UIInterfaceOrientationPortraitUpsideDown UIInterfaceOrientationLandscapeLeft UIInterfaceOrientationLandscapeRight";
				INFOPLIST_KEY_UISupportedInterfaceOrientations_iPhone = "UIInterfaceOrientationPortrait UIInterfaceOrientationLandscapeLeft UIInterfaceOrientationLandscapeRight";
				LD_RUNPATH_SEARCH_PATHS = (
					"$(inherited)",
					"@executable_path/Frameworks",
				);
				MARKETING_VERSION = 1.0;
				PRODUCT_BUNDLE_IDENTIFIER = com.example.app.localStorageWithPreferenceExample;
				PRODUCT_NAME = "$(TARGET_NAME)";
				SWIFT_EMIT_LOC_STRINGS = YES;
				SWIFT_VERSION = 5.0;
				TARGETED_DEVICE_FAMILY = "1,2";
			};
			name = Release;
		};
/* End XCBuildConfiguration section */

/* Begin XCConfigurationList section */
		059FE299274E1F5E001AF452 /* Build configuration list for PBXProject "localStorageWithPreferenceExample" */ = {
			isa = XCConfigurationList;
			buildConfigurations = (
				059FE2B3274E1F60001AF452 /* Debug */,
				059FE2B4274E1F60001AF452 /* Release */,
			);
			defaultConfigurationIsVisible = 0;
			defaultConfigurationName = Release;
		};
		059FE2B5274E1F60001AF452 /* Build configuration list for PBXNativeTarget "localStorageWithPreferenceExample" */ = {
			isa = XCConfigurationList;
			buildConfigurations = (
				059FE2B6274E1F60001AF452 /* Debug */,
				059FE2B7274E1F60001AF452 /* Release */,
			);
			defaultConfigurationIsVisible = 0;
			defaultConfigurationName = Release;
		};
/* End XCConfigurationList section */

/* Begin XCVersionGroup section */
		059FE2AA274E1F5E001AF452 /* localStorageWithPreferenceExample.xcdatamodeld */ = {
			isa = XCVersionGroup;
			children = (
				059FE2AB274E1F5E001AF452 /* localStorageWithPreferenceExample.xcdatamodel */,
			);
			currentVersion = 059FE2AB274E1F5E001AF452 /* localStorageWithPreferenceExample.xcdatamodel */;
			path = localStorageWithPreferenceExample.xcdatamodeld;
			sourceTree = "<group>";
			versionGroupType = wrapper.xcdatamodel;
		};
/* End XCVersionGroup section */
	};
	rootObject = 059FE296274E1F5E001AF452 /* Project object */;
}
